
Microsoft Visual Studio Solution File, Format Version 12.00
# Visual Studio Version 16
VisualStudioVersion = 16.0.31624.102
MinimumVisualStudioVersion = 10.0.40219.1
Project("{FAE04EC0-301F-11D3-BF4B-00C04F79EFBC}") = "MancalaProgram", "MancalaProgram\MancalaProgram.csproj", "{645F205E-CA29-4A70-BB3F-7BB91C3EB29A}"
EndProject
Global
	GlobalSection(SolutionConfigurationPlatforms) = preSolution
		Debug|Any CPU = Debug|Any CPU
		Release|Any CPU = Release|Any CPU
	EndGlobalSection
	GlobalSection(ProjectConfigurationPlatforms) = postSolution
		{645F205E-CA29-4A70-BB3F-7BB91C3EB29A}.Debug|Any CPU.ActiveCfg = Debug|Any CPU
		{645F205E-CA29-4A70-BB3F-7BB91C3EB29A}.Debug|Any CPU.Build.0 = Debug|Any CPU
		{645F205E-CA29-4A70-BB3F-7BB91C3EB29A}.Release|Any CPU.ActiveCfg = Release|Any CPU
		{645F205E-CA29-4A70-BB3F-7BB91C3EB29A}.Release|Any CPU.Build.0 = Release|Any CPU
	EndGlobalSection
	GlobalSection(SolutionProperties) = preSolution
		HideSolutionNode = FALSE
	EndGlobalSection
	GlobalSection(ExtensibilityGlobals) = postSolution
		SolutionGuid = {DC987154-19DB-49D1-9FD4-E7E150CCC817}
	EndGlobalSection
EndGlobal
